
Microsoft Visual Studio Solution File, Format Version 12.00
# Visual Studio Version 16
VisualStudioVersion = 25.0.1706.5
MinimumVisualStudioVersion = 10.0.40219.1
Project("{FAE04EC0-301F-11D3-BF4B-00C04F79EFBC}") = "DigitalStore.API", "DigitalStore.API.csproj", "{A3719931-3FD7-4F12-B756-F70A38C99A57}"
EndProject
Global
	GlobalSection(SolutionConfigurationPlatforms) = preSolution
		Debug|Any CPU = Debug|Any CPU
		Release|Any CPU = Release|Any CPU
	EndGlobalSection
	GlobalSection(ProjectConfigurationPlatforms) = postSolution
		{A3719931-3FD7-4F12-B756-F70A38C99A57}.Debug|Any CPU.ActiveCfg = Debug|Any CPU
		{A3719931-3FD7-4F12-B756-F70A38C99A57}.Debug|Any CPU.Build.0 = Debug|Any CPU
		{A3719931-3FD7-4F12-B756-F70A38C99A57}.Release|Any CPU.ActiveCfg = Release|Any CPU
		{A3719931-3FD7-4F12-B756-F70A38C99A57}.Release|Any CPU.Build.0 = Release|Any CPU
	EndGlobalSection
	GlobalSection(SolutionProperties) = preSolution
		HideSolutionNode = FALSE
	EndGlobalSection
	GlobalSection(ExtensibilityGlobals) = postSolution
		SolutionGuid = {BB3AA34D-A64D-4E58-83AD-1CF61AAB8568}
	EndGlobalSection
EndGlobal
